
Microsoft Visual Studio Solution File, Format Version 12.00
# Visual Studio Version 17
VisualStudioVersion = 17.6.33815.320
MinimumVisualStudioVersion = 10.0.40219.1
Project("{2150E333-8FDC-42A3-9474-1A3956D46DE8}") = "WebApi", "WebApi", "{84E29201-7F17-46F5-82E5-804F295A838C}"
EndProject
Project("{9A19103F-16F7-4668-BE54-9A1E7A4F7556}") = "WebApi", "WebApi\WebApi.csproj", "{5BFFD1C9-C600-4F3D-91D5-43986D5120AD}"
EndProject
Project("{2150E333-8FDC-42A3-9474-1A3956D46DE8}") = "Domain", "Domain", "{DB4CC27E-0003-4077-8EC1-5E031612D4E2}"
EndProject
Project("{2150E333-8FDC-42A3-9474-1A3956D46DE8}") = "Application", "Application", "{D73DA703-B2DC-446C-A235-D6D80F6C43C2}"
EndProject
Project("{2150E333-8FDC-42A3-9474-1A3956D46DE8}") = "Infrastructure", "Infrastructure", "{F8608C7D-CD5C-492E-93F9-46D39A85A252}"
EndProject
Project("{9A19103F-16F7-4668-BE54-9A1E7A4F7556}") = "Application", "Application\Application.csproj", "{5959555B-60D5-4257-AD5F-80E669E63A05}"
EndProject
Project("{9A19103F-16F7-4668-BE54-9A1E7A4F7556}") = "Domain.Core", "Domain.Core\Domain.Core.csproj", "{4D661018-C738-4304-8CB4-18C5C6BE91EB}"
EndProject
Project("{9A19103F-16F7-4668-BE54-9A1E7A4F7556}") = "Domain.Interfaces", "Domain.Interfaces\Domain.Interfaces.csproj", "{7B6E5FE4-EDAD-47FB-87D8-71D7CC26E03E}"
EndProject
Project("{9A19103F-16F7-4668-BE54-9A1E7A4F7556}") = "Infrastructure", "Infrastructure\Infrastructure.csproj", "{4B69D13B-638D-47C4-87EE-23F8FB898E8D}"
EndProject
Project("{2150E333-8FDC-42A3-9474-1A3956D46DE8}") = "Db", "Db", "{715A4642-C13C-4348-8A2A-D7AA5F2C4AD9}"
	ProjectSection(SolutionItems) = preProject
		SQL_InitDb.sql = SQL_InitDb.sql
	EndProjectSection
EndProject
Global
	GlobalSection(SolutionConfigurationPlatforms) = preSolution
		Debug|Any CPU = Debug|Any CPU
		Release|Any CPU = Release|Any CPU
	EndGlobalSection
	GlobalSection(ProjectConfigurationPlatforms) = postSolution
		{5BFFD1C9-C600-4F3D-91D5-43986D5120AD}.Debug|Any CPU.ActiveCfg = Debug|Any CPU
		{5BFFD1C9-C600-4F3D-91D5-43986D5120AD}.Debug|Any CPU.Build.0 = Debug|Any CPU
		{5BFFD1C9-C600-4F3D-91D5-43986D5120AD}.Release|Any CPU.ActiveCfg = Release|Any CPU
		{5BFFD1C9-C600-4F3D-91D5-43986D5120AD}.Release|Any CPU.Build.0 = Release|Any CPU
		{5959555B-60D5-4257-AD5F-80E669E63A05}.Debug|Any CPU.ActiveCfg = Debug|Any CPU
		{5959555B-60D5-4257-AD5F-80E669E63A05}.Debug|Any CPU.Build.0 = Debug|Any CPU
		{5959555B-60D5-4257-AD5F-80E669E63A05}.Release|Any CPU.ActiveCfg = Release|Any CPU
		{5959555B-60D5-4257-AD5F-80E669E63A05}.Release|Any CPU.Build.0 = Release|Any CPU
		{4D661018-C738-4304-8CB4-18C5C6BE91EB}.Debug|Any CPU.ActiveCfg = Debug|Any CPU
		{4D661018-C738-4304-8CB4-18C5C6BE91EB}.Debug|Any CPU.Build.0 = Debug|Any CPU
		{4D661018-C738-4304-8CB4-18C5C6BE91EB}.Release|Any CPU.ActiveCfg = Release|Any CPU
		{4D661018-C738-4304-8CB4-18C5C6BE91EB}.Release|Any CPU.Build.0 = Release|Any CPU
		{7B6E5FE4-EDAD-47FB-87D8-71D7CC26E03E}.Debug|Any CPU.ActiveCfg = Debug|Any CPU
		{7B6E5FE4-EDAD-47FB-87D8-71D7CC26E03E}.Debug|Any CPU.Build.0 = Debug|Any CPU
		{7B6E5FE4-EDAD-47FB-87D8-71D7CC26E03E}.Release|Any CPU.ActiveCfg = Release|Any CPU
		{7B6E5FE4-EDAD-47FB-87D8-71D7CC26E03E}.Release|Any CPU.Build.0 = Release|Any CPU
		{4B69D13B-638D-47C4-87EE-23F8FB898E8D}.Debug|Any CPU.ActiveCfg = Debug|Any CPU
		{4B69D13B-638D-47C4-87EE-23F8FB898E8D}.Debug|Any CPU.Build.0 = Debug|Any CPU
		{4B69D13B-638D-47C4-87EE-23F8FB898E8D}.Release|Any CPU.ActiveCfg = Release|Any CPU
		{4B69D13B-638D-47C4-87EE-23F8FB898E8D}.Release|Any CPU.Build.0 = Release|Any CPU
	EndGlobalSection
	GlobalSection(SolutionProperties) = preSolution
		HideSolutionNode = FALSE
	EndGlobalSection
	GlobalSection(NestedProjects) = preSolution
		{5BFFD1C9-C600-4F3D-91D5-43986D5120AD} = {84E29201-7F17-46F5-82E5-804F295A838C}
		{5959555B-60D5-4257-AD5F-80E669E63A05} = {D73DA703-B2DC-446C-A235-D6D80F6C43C2}
		{4D661018-C738-4304-8CB4-18C5C6BE91EB} = {DB4CC27E-0003-4077-8EC1-5E031612D4E2}
		{7B6E5FE4-EDAD-47FB-87D8-71D7CC26E03E} = {DB4CC27E-0003-4077-8EC1-5E031612D4E2}
		{4B69D13B-638D-47C4-87EE-23F8FB898E8D} = {F8608C7D-CD5C-492E-93F9-46D39A85A252}
	EndGlobalSection
	GlobalSection(ExtensibilityGlobals) = postSolution
		SolutionGuid = {0A3E4744-E310-45AB-84B4-436B8B987D77}
	EndGlobalSection
EndGlobal
